
Microsoft Visual Studio Solution File, Format Version 12.00
Project("{2150E333-8FDC-42A3-9474-1A3956D46DE8}") = "src", "src", "{909DC347-F578-4842-BBAE-FEFD5D3520BA}"
EndProject
Project("{FAE04EC0-301F-11D3-BF4B-00C04F79EFBC}") = "Xanthe", "src\Xanthe\Xanthe.csproj", "{D4670060-44F5-4B6A-92E9-D610B220F62B}"
EndProject
Global
	GlobalSection(SolutionConfigurationPlatforms) = preSolution
		Debug|Any CPU = Debug|Any CPU
		Release|Any CPU = Release|Any CPU
	EndGlobalSection
	GlobalSection(ProjectConfigurationPlatforms) = postSolution
		{D4670060-44F5-4B6A-92E9-D610B220F62B}.Debug|Any CPU.ActiveCfg = Debug|Any CPU
		{D4670060-44F5-4B6A-92E9-D610B220F62B}.Debug|Any CPU.Build.0 = Debug|Any CPU
		{D4670060-44F5-4B6A-92E9-D610B220F62B}.Release|Any CPU.ActiveCfg = Release|Any CPU
		{D4670060-44F5-4B6A-92E9-D610B220F62B}.Release|Any CPU.Build.0 = Release|Any CPU
	EndGlobalSection
	GlobalSection(NestedProjects) = preSolution
		{D4670060-44F5-4B6A-92E9-D610B220F62B} = {909DC347-F578-4842-BBAE-FEFD5D3520BA}
	EndGlobalSection
EndGlobal
